// !$*UTF8*$!
{
	archiveVersion = 1;
	classes = {
	};
	objectVersion = 48;
	objects = {

/* Begin PBXBuildFile section */
		3515496822ACF5DA00661544 /* SearchViewController.swift in Sources */ = {isa = PBXBuildFile; fileRef = 3515496722ACF5DA00661544 /* SearchViewController.swift */; };
		3515496A22ACF61300661544 /* ProductDetailController.swift in Sources */ = {isa = PBXBuildFile; fileRef = 3515496922ACF61300661544 /* ProductDetailController.swift */; };
		3515496C22ACF63200661544 /* WishListController.swift in Sources */ = {isa = PBXBuildFile; fileRef = 3515496B22ACF63200661544 /* WishListController.swift */; };
		3F77BA4422AA7C7800DEDC35 /* AppDelegate.swift in Sources */ = {isa = PBXBuildFile; fileRef = 3F77BA4322AA7C7800DEDC35 /* AppDelegate.swift */; };
		3F77BA4622AA7C7800DEDC35 /* ViewController.swift in Sources */ = {isa = PBXBuildFile; fileRef = 3F77BA4522AA7C7800DEDC35 /* ViewController.swift */; };
		3F77BA4922AA7C7800DEDC35 /* Main.storyboard in Resources */ = {isa = PBXBuildFile; fileRef = 3F77BA4722AA7C7800DEDC35 /* Main.storyboard */; };
		3F77BA4C22AA7C7800DEDC35 /* PS4_virtualshop.xcdatamodeld in Sources */ = {isa = PBXBuildFile; fileRef = 3F77BA4A22AA7C7800DEDC35 /* PS4_virtualshop.xcdatamodeld */; };
		3F77BA4E22AA7C7800DEDC35 /* Assets.xcassets in Resources */ = {isa = PBXBuildFile; fileRef = 3F77BA4D22AA7C7800DEDC35 /* Assets.xcassets */; };
		3F77BA5122AA7C7800DEDC35 /* LaunchScreen.storyboard in Resources */ = {isa = PBXBuildFile; fileRef = 3F77BA4F22AA7C7800DEDC35 /* LaunchScreen.storyboard */; };
		3F77BA5E22AA9E1200DEDC35 /* PS4-Logo-2.png in Resources */ = {isa = PBXBuildFile; fileRef = 3F77BA5D22AA9E1100DEDC35 /* PS4-Logo-2.png */; };
		3F77BA6422AAA20E00DEDC35 /* f8aa228a71ed7d216738d385361d4210.png in Resources */ = {isa = PBXBuildFile; fileRef = 3F77BA6322AAA20E00DEDC35 /* f8aa228a71ed7d216738d385361d4210.png */; };
		3F77BA6622AAA84200DEDC35 /* 7b9bc06627e83.png in Resources */ = {isa = PBXBuildFile; fileRef = 3F77BA6522AAA84200DEDC35 /* 7b9bc06627e83.png */; };
		3FA6C99622ABA26A004420EC /* libsqlite3.tbd in Frameworks */ = {isa = PBXBuildFile; fileRef = 3FA6C99522ABA26A004420EC /* libsqlite3.tbd */; };
		3FA6C99A22ABB8DE004420EC /* assets.xcassets in Resources */ = {isa = PBXBuildFile; fileRef = 3FA6C99922ABB8DE004420EC /* assets.xcassets */; };
		3FA6C99C22ABE4DD004420EC /* ps4.sqlite in Resources */ = {isa = PBXBuildFile; fileRef = 3FA6C99B22ABE4DD004420EC /* ps4.sqlite */; };
/* End PBXBuildFile section */

/* Begin PBXFileReference section */
		3515496722ACF5DA00661544 /* SearchViewController.swift */ = {isa = PBXFileReference; lastKnownFileType = sourcecode.swift; path = SearchViewController.swift; sourceTree = "<group>"; };
		3515496922ACF61300661544 /* ProductDetailController.swift */ = {isa = PBXFileReference; lastKnownFileType = sourcecode.swift; path = ProductDetailController.swift; sourceTree = "<group>"; };
		3515496B22ACF63200661544 /* WishListController.swift */ = {isa = PBXFileReference; lastKnownFileType = sourcecode.swift; path = WishListController.swift; sourceTree = "<group>"; };
		3F77BA4022AA7C7800DEDC35 /* PS4_virtualshop.app */ = {isa = PBXFileReference; explicitFileType = wrapper.application; includeInIndex = 0; path = PS4_virtualshop.app; sourceTree = BUILT_PRODUCTS_DIR; };
		3F77BA4322AA7C7800DEDC35 /* AppDelegate.swift */ = {isa = PBXFileReference; lastKnownFileType = sourcecode.swift; path = AppDelegate.swift; sourceTree = "<group>"; };
		3F77BA4522AA7C7800DEDC35 /* ViewController.swift */ = {isa = PBXFileReference; lastKnownFileType = sourcecode.swift; path = ViewController.swift; sourceTree = "<group>"; };
		3F77BA4822AA7C7800DEDC35 /* Base */ = {isa = PBXFileReference; lastKnownFileType = file.storyboard; name = Base; path = Base.lproj/Main.storyboard; sourceTree = "<group>"; };
		3F77BA4B22AA7C7800DEDC35 /* PS4_virtualshop.xcdatamodel */ = {isa = PBXFileReference; lastKnownFileType = wrapper.xcdatamodel; path = PS4_virtualshop.xcdatamodel; sourceTree = "<group>"; };
		3F77BA4D22AA7C7800DEDC35 /* Assets.xcassets */ = {isa = PBXFileReference; lastKnownFileType = folder.assetcatalog; path = Assets.xcassets; sourceTree = "<group>"; };
		3F77BA5022AA7C7800DEDC35 /* Base */ = {isa = PBXFileReference; lastKnownFileType = file.storyboard; name = Base; path = Base.lproj/LaunchScreen.storyboard; sourceTree = "<group>"; };
		3F77BA5222AA7C7800DEDC35 /* Info.plist */ = {isa = PBXFileReference; lastKnownFileType = text.plist.xml; path = Info.plist; sourceTree = "<group>"; };
		3F77BA5D22AA9E1100DEDC35 /* PS4-Logo-2.png */ = {isa = PBXFileReference; lastKnownFileType = image.png; path = "PS4-Logo-2.png"; sourceTree = "<group>"; };
		3F77BA6322AAA20E00DEDC35 /* f8aa228a71ed7d216738d385361d4210.png */ = {isa = PBXFileReference; lastKnownFileType = image.png; path = f8aa228a71ed7d216738d385361d4210.png; sourceTree = "<group>"; };
		3F77BA6522AAA84200DEDC35 /* 7b9bc06627e83.png */ = {isa = PBXFileReference; lastKnownFileType = image.png; path = 7b9bc06627e83.png; sourceTree = "<group>"; };
		3FA6C99522ABA26A004420EC /* libsqlite3.tbd */ = {isa = PBXFileReference; lastKnownFileType = "sourcecode.text-based-dylib-definition"; name = libsqlite3.tbd; path = usr/lib/libsqlite3.tbd; sourceTree = SDKROOT; };
		3FA6C99822ABA4FA004420EC /* BridgeHeader.h */ = {isa = PBXFileReference; lastKnownFileType = sourcecode.c.h; path = BridgeHeader.h; sourceTree = "<group>"; };
		3FA6C99922ABB8DE004420EC /* assets.xcassets */ = {isa = PBXFileReference; lastKnownFileType = folder.assetcatalog; path = assets.xcassets; sourceTree = "<group>"; };
		3FA6C99B22ABE4DD004420EC /* ps4.sqlite */ = {isa = PBXFileReference; lastKnownFileType = file; name = ps4.sqlite; path = ../../Documents/ps4.sqlite; sourceTree = "<group>"; };
		3FA6C99D22ABF2D1004420EC /* mydb.sqlite */ = {isa = PBXFileReference; lastKnownFileType = file; name = mydb.sqlite; path = ../../Downloads/mydb.sqlite; sourceTree = "<group>"; };
/* End PBXFileReference section */

/* Begin PBXFrameworksBuildPhase section */
		3F77BA3D22AA7C7700DEDC35 /* Frameworks */ = {
			isa = PBXFrameworksBuildPhase;
			buildActionMask = 2147483647;
			files = (
				3FA6C99622ABA26A004420EC /* libsqlite3.tbd in Frameworks */,
			);
			runOnlyForDeploymentPostprocessing = 0;
		};
/* End PBXFrameworksBuildPhase section */

/* Begin PBXGroup section */
		3F77BA3722AA7C7700DEDC35 = {
			isa = PBXGroup;
			children = (
				3FA6C99B22ABE4DD004420EC /* ps4.sqlite */,
				3FA6C99922ABB8DE004420EC /* assets.xcassets */,
				3F77BA4222AA7C7800DEDC35 /* PS4_virtualshop */,
				3F77BA4122AA7C7800DEDC35 /* Products */,
				3FA6C99422ABA26A004420EC /* Frameworks */,
			);
			sourceTree = "<group>";
		};
		3F77BA4122AA7C7800DEDC35 /* Products */ = {
			isa = PBXGroup;
			children = (
				3F77BA4022AA7C7800DEDC35 /* PS4_virtualshop.app */,
			);
			name = Products;
			sourceTree = "<group>";
		};
		3F77BA4222AA7C7800DEDC35 /* PS4_virtualshop */ = {
			isa = PBXGroup;
			children = (
				3FA6C99822ABA4FA004420EC /* BridgeHeader.h */,
				3F77BA4322AA7C7800DEDC35 /* AppDelegate.swift */,
				3F77BA4522AA7C7800DEDC35 /* ViewController.swift */,
				3F77BA4722AA7C7800DEDC35 /* Main.storyboard */,
				3515496B22ACF63200661544 /* WishListController.swift */,
				3515496922ACF61300661544 /* ProductDetailController.swift */,
				3515496722ACF5DA00661544 /* SearchViewController.swift */,
				3F77BA4D22AA7C7800DEDC35 /* Assets.xcassets */,
				3F77BA4F22AA7C7800DEDC35 /* LaunchScreen.storyboard */,
				3F77BA5222AA7C7800DEDC35 /* Info.plist */,
				3F77BA5D22AA9E1100DEDC35 /* PS4-Logo-2.png */,
				3F77BA6322AAA20E00DEDC35 /* f8aa228a71ed7d216738d385361d4210.png */,
				3F77BA4A22AA7C7800DEDC35 /* PS4_virtualshop.xcdatamodeld */,
				3F77BA6522AAA84200DEDC35 /* 7b9bc06627e83.png */,
			);
			path = PS4_virtualshop;
			sourceTree = "<group>";
		};
		3FA6C99422ABA26A004420EC /* Frameworks */ = {
			isa = PBXGroup;
			children = (
				3FA6C99D22ABF2D1004420EC /* mydb.sqlite */,
				3FA6C99522ABA26A004420EC /* libsqlite3.tbd */,
			);
			name = Frameworks;
			sourceTree = "<group>";
		};
/* End PBXGroup section */

/* Begin PBXNativeTarget section */
		3F77BA3F22AA7C7700DEDC35 /* PS4_virtualshop */ = {
			isa = PBXNativeTarget;
			buildConfigurationList = 3F77BA5522AA7C7800DEDC35 /* Build configuration list for PBXNativeTarget "PS4_virtualshop" */;
			buildPhases = (
				3F77BA3C22AA7C7700DEDC35 /* Sources */,
				3F77BA3D22AA7C7700DEDC35 /* Frameworks */,
				3F77BA3E22AA7C7700DEDC35 /* Resources */,
			);
			buildRules = (
			);
			dependencies = (
			);
			name = PS4_virtualshop;
			productName = PS4_virtualshop;
			productReference = 3F77BA4022AA7C7800DEDC35 /* PS4_virtualshop.app */;
			productType = "com.apple.product-type.application";
		};
/* End PBXNativeTarget section */

/* Begin PBXProject section */
		3F77BA3822AA7C7700DEDC35 /* Project object */ = {
			isa = PBXProject;
			attributes = {
				LastSwiftUpdateCheck = 0920;
				LastUpgradeCheck = 0920;
				ORGANIZATIONNAME = "Providence Honor School";
				TargetAttributes = {
					3F77BA3F22AA7C7700DEDC35 = {
						CreatedOnToolsVersion = 9.2;
						ProvisioningStyle = Automatic;
					};
				};
			};
			buildConfigurationList = 3F77BA3B22AA7C7700DEDC35 /* Build configuration list for PBXProject "PS4_virtualshop" */;
			compatibilityVersion = "Xcode 8.0";
			developmentRegion = en;
			hasScannedForEncodings = 0;
			knownRegions = (
				en,
				Base,
			);
			mainGroup = 3F77BA3722AA7C7700DEDC35;
			productRefGroup = 3F77BA4122AA7C7800DEDC35 /* Products */;
			projectDirPath = "";
			projectRoot = "";
			targets = (
				3F77BA3F22AA7C7700DEDC35 /* PS4_virtualshop */,
			);
		};
/* End PBXProject section */

/* Begin PBXResourcesBuildPhase section */
		3F77BA3E22AA7C7700DEDC35 /* Resources */ = {
			isa = PBXResourcesBuildPhase;
			buildActionMask = 2147483647;
			files = (
				3FA6C99C22ABE4DD004420EC /* ps4.sqlite in Resources */,
				3F77BA6622AAA84200DEDC35 /* 7b9bc06627e83.png in Resources */,
				3F77BA6422AAA20E00DEDC35 /* f8aa228a71ed7d216738d385361d4210.png in Resources */,
				3F77BA5122AA7C7800DEDC35 /* LaunchScreen.storyboard in Resources */,
				3F77BA5E22AA9E1200DEDC35 /* PS4-Logo-2.png in Resources */,
				3F77BA4E22AA7C7800DEDC35 /* Assets.xcassets in Resources */,
				3FA6C99A22ABB8DE004420EC /* assets.xcassets in Resources */,
				3F77BA4922AA7C7800DEDC35 /* Main.storyboard in Resources */,
			);
			runOnlyForDeploymentPostprocessing = 0;
		};
/* End PBXResourcesBuildPhase section */

/* Begin PBXSourcesBuildPhase section */
		3F77BA3C22AA7C7700DEDC35 /* Sources */ = {
			isa = PBXSourcesBuildPhase;
			buildActionMask = 2147483647;
			files = (
				3F77BA4622AA7C7800DEDC35 /* ViewController.swift in Sources */,
				3F77BA4C22AA7C7800DEDC35 /* PS4_virtualshop.xcdatamodeld in Sources */,
				3515496C22ACF63200661544 /* WishListController.swift in Sources */,
				3515496822ACF5DA00661544 /* SearchViewController.swift in Sources */,
				3515496A22ACF61300661544 /* ProductDetailController.swift in Sources */,
				3F77BA4422AA7C7800DEDC35 /* AppDelegate.swift in Sources */,
			);
			runOnlyForDeploymentPostprocessing = 0;
		};
/* End PBXSourcesBuildPhase section */

/* Begin PBXVariantGroup section */
		3F77BA4722AA7C7800DEDC35 /* Main.storyboard */ = {
			isa = PBXVariantGroup;
			children = (
				3F77BA4822AA7C7800DEDC35 /* Base */,
			);
			name = Main.storyboard;
			sourceTree = "<group>";
		};
		3F77BA4F22AA7C7800DEDC35 /* LaunchScreen.storyboard */ = {
			isa = PBXVariantGroup;
			children = (
				3F77BA5022AA7C7800DEDC35 /* Base */,
			);
			name = LaunchScreen.storyboard;
			sourceTree = "<group>";
		};
/* End PBXVariantGroup section */

/* Begin XCBuildConfiguration section */
		3F77BA5322AA7C7800DEDC35 /* Debug */ = {
			isa = XCBuildConfiguration;
			buildSettings = {
				ALWAYS_SEARCH_USER_PATHS = NO;
				CLANG_ANALYZER_NONNULL = YES;
				CLANG_ANALYZER_NUMBER_OBJECT_CONVERSION = YES_AGGRESSIVE;
				CLANG_CXX_LANGUAGE_STANDARD = "gnu++14";
				CLANG_CXX_LIBRARY = "libc++";
				CLANG_ENABLE_MODULES = YES;
				CLANG_ENABLE_OBJC_ARC = YES;
				CLANG_WARN_BLOCK_CAPTURE_AUTORELEASING = YES;
				CLANG_WARN_BOOL_CONVERSION = YES;
				CLANG_WARN_COMMA = YES;
				CLANG_WARN_CONSTANT_CONVERSION = YES;
				CLANG_WARN_DIRECT_OBJC_ISA_USAGE = YES_ERROR;
				CLANG_WARN_DOCUMENTATION_COMMENTS = YES;
				CLANG_WARN_EMPTY_BODY = YES;
				CLANG_WARN_ENUM_CONVERSION = YES;
				CLANG_WARN_INFINITE_RECURSION = YES;
				CLANG_WARN_INT_CONVERSION = YES;
				CLANG_WARN_NON_LITERAL_NULL_CONVERSION = YES;
				CLANG_WARN_OBJC_LITERAL_CONVERSION = YES;
				CLANG_WARN_OBJC_ROOT_CLASS = YES_ERROR;
				CLANG_WARN_RANGE_LOOP_ANALYSIS = YES;
				CLANG_WARN_STRICT_PROTOTYPES = YES;
				CLANG_WARN_SUSPICIOUS_MOVE = YES;
				CLANG_WARN_UNGUARDED_AVAILABILITY = YES_AGGRESSIVE;
				CLANG_WARN_UNREACHABLE_CODE = YES;
				CLANG_WARN__DUPLICATE_METHOD_MATCH = YES;
				CODE_SIGN_IDENTITY = "iPhone Developer";
				COPY_PHASE_STRIP = NO;
				DEBUG_INFORMATION_FORMAT = dwarf;
				ENABLE_STRICT_OBJC_MSGSEND = YES;
				ENABLE_TESTABILITY = YES;
				GCC_C_LANGUAGE_STANDARD = gnu11;
				GCC_DYNAMIC_NO_PIC = NO;
				GCC_NO_COMMON_BLOCKS = YES;
				GCC_OPTIMIZATION_LEVEL = 0;
				GCC_PREPROCESSOR_DEFINITIONS = (
					"DEBUG=1",
					"$(inherited)",
				);
				GCC_WARN_64_TO_32_BIT_CONVERSION = YES;
				GCC_WARN_ABOUT_RETURN_TYPE = YES_ERROR;
				GCC_WARN_UNDECLARED_SELECTOR = YES;
				GCC_WARN_UNINITIALIZED_AUTOS = YES_AGGRESSIVE;
				GCC_WARN_UNUSED_FUNCTION = YES;
				GCC_WARN_UNUSED_VARIABLE = YES;
				IPHONEOS_DEPLOYMENT_TARGET = 11.2;
				MTL_ENABLE_DEBUG_INFO = YES;
				ONLY_ACTIVE_ARCH = YES;
				SDKROOT = iphoneos;
				SWIFT_ACTIVE_COMPILATION_CONDITIONS = DEBUG;
				SWIFT_OPTIMIZATION_LEVEL = "-Onone";
			};
			name = Debug;
		};
		3F77BA5422AA7C7800DEDC35 /* Release */ = {
			isa = XCBuildConfiguration;
			buildSettings = {
				ALWAYS_SEARCH_USER_PATHS = NO;
				CLANG_ANALYZER_NONNULL = YES;
				CLANG_ANALYZER_NUMBER_OBJECT_CONVERSION = YES_AGGRESSIVE;
				CLANG_CXX_LANGUAGE_STANDARD = "gnu++14";
				CLANG_CXX_LIBRARY = "libc++";
				CLANG_ENABLE_MODULES = YES;
				CLANG_ENABLE_OBJC_ARC = YES;
				CLANG_WARN_BLOCK_CAPTURE_AUTORELEASING = YES;
				CLANG_WARN_BOOL_CONVERSION = YES;
				CLANG_WARN_COMMA = YES;
				CLANG_WARN_CONSTANT_CONVERSION = YES;
				CLANG_WARN_DIRECT_OBJC_ISA_USAGE = YES_ERROR;
				CLANG_WARN_DOCUMENTATION_COMMENTS = YES;
				CLANG_WARN_EMPTY_BODY = YES;
				CLANG_WARN_ENUM_CONVERSION = YES;
				CLANG_WARN_INFINITE_RECURSION = YES;
				CLANG_WARN_INT_CONVERSION = YES;
				CLANG_WARN_NON_LITERAL_NULL_CONVERSION = YES;
				CLANG_WARN_OBJC_LITERAL_CONVERSION = YES;
				CLANG_WARN_OBJC_ROOT_CLASS = YES_ERROR;
				CLANG_WARN_RANGE_LOOP_ANALYSIS = YES;
				CLANG_WARN_STRICT_PROTOTYPES = YES;
				CLANG_WARN_SUSPICIOUS_MOVE = YES;
				CLANG_WARN_UNGUARDED_AVAILABILITY = YES_AGGRESSIVE;
				CLANG_WARN_UNREACHABLE_CODE = YES;
				CLANG_WARN__DUPLICATE_METHOD_MATCH = YES;
				CODE_SIGN_IDENTITY = "iPhone Developer";
				COPY_PHASE_STRIP = NO;
				DEBUG_INFORMATION_FORMAT = "dwarf-with-dsym";
				ENABLE_NS_ASSERTIONS = NO;
				ENABLE_STRICT_OBJC_MSGSEND = YES;
				GCC_C_LANGUAGE_STANDARD = gnu11;
				GCC_NO_COMMON_BLOCKS = YES;
				GCC_WARN_64_TO_32_BIT_CONVERSION = YES;
				GCC_WARN_ABOUT_RETURN_TYPE = YES_ERROR;
				GCC_WARN_UNDECLARED_SELECTOR = YES;
				GCC_WARN_UNINITIALIZED_AUTOS = YES_AGGRESSIVE;
				GCC_WARN_UNUSED_FUNCTION = YES;
				GCC_WARN_UNUSED_VARIABLE = YES;
				IPHONEOS_DEPLOYMENT_TARGET = 11.2;
				MTL_ENABLE_DEBUG_INFO = NO;
				SDKROOT = iphoneos;
				SWIFT_OPTIMIZATION_LEVEL = "-Owholemodule";
				VALIDATE_PRODUCT = YES;
			};
			name = Release;
		};
		3F77BA5622AA7C7800DEDC35 /* Debug */ = {
			isa = XCBuildConfiguration;
			buildSettings = {
				ASSETCATALOG_COMPILER_APPICON_NAME = AppIcon;
				CODE_SIGN_STYLE = Automatic;
				INFOPLIST_FILE = PS4_virtualshop/Info.plist;
				IPHONEOS_DEPLOYMENT_TARGET = 10.3;
				LD_RUNPATH_SEARCH_PATHS = "$(inherited) @executable_path/Frameworks";
				PRODUCT_BUNDLE_IDENTIFIER = "PHS.PS4-virtualshop";
				PRODUCT_NAME = "$(TARGET_NAME)";
				SWIFT_OBJC_BRIDGING_HEADER = PS4_virtualshop/BridgeHeader.h;
				SWIFT_VERSION = 3.0;
				TARGETED_DEVICE_FAMILY = "1,2";
			};
			name = Debug;
		};
		3F77BA5722AA7C7800DEDC35 /* Release */ = {
			isa = XCBuildConfiguration;
			buildSettings = {
				ASSETCATALOG_COMPILER_APPICON_NAME = AppIcon;
				CODE_SIGN_STYLE = Automatic;
				INFOPLIST_FILE = PS4_virtualshop/Info.plist;
				IPHONEOS_DEPLOYMENT_TARGET = 10.3;
				LD_RUNPATH_SEARCH_PATHS = "$(inherited) @executable_path/Frameworks";
				PRODUCT_BUNDLE_IDENTIFIER = "PHS.PS4-virtualshop";
				PRODUCT_NAME = "$(TARGET_NAME)";
				SWIFT_OBJC_BRIDGING_HEADER = PS4_virtualshop/BridgeHeader.h;
				SWIFT_VERSION = 3.0;
				TARGETED_DEVICE_FAMILY = "1,2";
			};
			name = Release;
		};
/* End XCBuildConfiguration section */

/* Begin XCConfigurationList section */
		3F77BA3B22AA7C7700DEDC35 /* Build configuration list for PBXProject "PS4_virtualshop" */ = {
			isa = XCConfigurationList;
			buildConfigurations = (
				3F77BA5322AA7C7800DEDC35 /* Debug */,
				3F77BA5422AA7C7800DEDC35 /* Release */,
			);
			defaultConfigurationIsVisible = 0;
			defaultConfigurationName = Release;
		};
		3F77BA5522AA7C7800DEDC35 /* Build configuration list for PBXNativeTarget "PS4_virtualshop" */ = {
			isa = XCConfigurationList;
			buildConfigurations = (
				3F77BA5622AA7C7800DEDC35 /* Debug */,
				3F77BA5722AA7C7800DEDC35 /* Release */,
			);
			defaultConfigurationIsVisible = 0;
			defaultConfigurationName = Release;
		};
/* End XCConfigurationList section */

/* Begin XCVersionGroup section */
		3F77BA4A22AA7C7800DEDC35 /* PS4_virtualshop.xcdatamodeld */ = {
			isa = XCVersionGroup;
			children = (
				3F77BA4B22AA7C7800DEDC35 /* PS4_virtualshop.xcdatamodel */,
			);
			currentVersion = 3F77BA4B22AA7C7800DEDC35 /* PS4_virtualshop.xcdatamodel */;
			path = PS4_virtualshop.xcdatamodeld;
			sourceTree = "<group>";
			versionGroupType = wrapper.xcdatamodel;
		};
/* End XCVersionGroup section */
	};
	rootObject = 3F77BA3822AA7C7700DEDC35 /* Project object */;
}
